<?xml version="1.0" encoding="utf-8"?>
<Project ToolsVersion="4.0" xmlns="http://schemas.microsoft.com/developer/msbuild/2003">
  <ItemGroup>
    <ClCompile Include="..\main.cpp" />
    <ClCompile Include="..\src\sio_client.cpp" />
    <ClCompile Include="..\src\internal\sio_client_impl.cpp" />
    <ClCompile Include="..\src\internal\sio_packet.cpp" />
    <ClCompile Include="..\src\sio_socket.cpp" />
    <ClCompile Include="..\src\event_bindings.cpp" />
    <ClCompile Include="..\src\receivers.cpp" />
    <ClCompile Include="..\src\gm_readers.cpp" />
    <ClCompile Include="..\src\gm_transmitters.cpp" />
    <ClCompile Include="..\src\helpers.cpp" />
  </ItemGroup>
  <ItemGroup>
    <ClInclude Include="..\src\sio_client.h" />
    <ClInclude Include="..\src\internal\sio_client_impl.h" />
    <ClInclude Include="..\src\sio_message.h" />
    <ClInclude Include="..\src\internal\sio_packet.h" />
    <ClInclude Include="..\src\sio_socket.h" />
    <ClInclude Include="..\src\event_bindings.h" />
    <ClInclude Include="..\src\receivers.h" />
    <ClInclude Include="..\src\gm_readers.h" />
    <ClInclude Include="..\src\gm_transmitters.h" />
    <ClInclude Include="..\src\helpers.h" />
  </ItemGroup>
</Project>